// !$*UTF8*$!
{
	archiveVersion = 1;
	classes = {
	};
	objectVersion = 50;
	objects = {

/* Begin PBXBuildFile section */
		F1588D5222F1430D00DC01AF /* AppDelegate.swift in Sources */ = {isa = PBXBuildFile; fileRef = F1588D5122F1430D00DC01AF /* AppDelegate.swift */; };
		F1588D5422F1430D00DC01AF /* ViewController.swift in Sources */ = {isa = PBXBuildFile; fileRef = F1588D5322F1430D00DC01AF /* ViewController.swift */; };
		F1588D5722F1430D00DC01AF /* Main.storyboard in Resources */ = {isa = PBXBuildFile; fileRef = F1588D5522F1430D00DC01AF /* Main.storyboard */; };
		F1588D5922F1430E00DC01AF /* Assets.xcassets in Resources */ = {isa = PBXBuildFile; fileRef = F1588D5822F1430E00DC01AF /* Assets.xcassets */; };
		F1588D5C22F1430E00DC01AF /* LaunchScreen.storyboard in Resources */ = {isa = PBXBuildFile; fileRef = F1588D5A22F1430E00DC01AF /* LaunchScreen.storyboard */; };
		F1588D6722F1430E00DC01AF /* RxSwiftExampleTests.swift in Sources */ = {isa = PBXBuildFile; fileRef = F1588D6622F1430E00DC01AF /* RxSwiftExampleTests.swift */; };
		F1588D7222F1430E00DC01AF /* RxSwiftExampleUITests.swift in Sources */ = {isa = PBXBuildFile; fileRef = F1588D7122F1430E00DC01AF /* RxSwiftExampleUITests.swift */; };
/* End PBXBuildFile section */

/* Begin PBXContainerItemProxy section */
		F1588D6322F1430E00DC01AF /* PBXContainerItemProxy */ = {
			isa = PBXContainerItemProxy;
			containerPortal = F1588D4622F1430D00DC01AF /* Project object */;
			proxyType = 1;
			remoteGlobalIDString = F1588D4D22F1430D00DC01AF;
			remoteInfo = RxSwiftExample;
		};
		F1588D6E22F1430E00DC01AF /* PBXContainerItemProxy */ = {
			isa = PBXContainerItemProxy;
			containerPortal = F1588D4622F1430D00DC01AF /* Project object */;
			proxyType = 1;
			remoteGlobalIDString = F1588D4D22F1430D00DC01AF;
			remoteInfo = RxSwiftExample;
		};
/* End PBXContainerItemProxy section */

/* Begin PBXFileReference section */
		F1588D4E22F1430D00DC01AF /* RxSwiftExample.app */ = {isa = PBXFileReference; explicitFileType = wrapper.application; includeInIndex = 0; path = RxSwiftExample.app; sourceTree = BUILT_PRODUCTS_DIR; };
		F1588D5122F1430D00DC01AF /* AppDelegate.swift */ = {isa = PBXFileReference; lastKnownFileType = sourcecode.swift; path = AppDelegate.swift; sourceTree = "<group>"; };
		F1588D5322F1430D00DC01AF /* ViewController.swift */ = {isa = PBXFileReference; lastKnownFileType = sourcecode.swift; path = ViewController.swift; sourceTree = "<group>"; };
		F1588D5622F1430D00DC01AF /* Base */ = {isa = PBXFileReference; lastKnownFileType = file.storyboard; name = Base; path = Base.lproj/Main.storyboard; sourceTree = "<group>"; };
		F1588D5822F1430E00DC01AF /* Assets.xcassets */ = {isa = PBXFileReference; lastKnownFileType = folder.assetcatalog; path = Assets.xcassets; sourceTree = "<group>"; };
		F1588D5B22F1430E00DC01AF /* Base */ = {isa = PBXFileReference; lastKnownFileType = file.storyboard; name = Base; path = Base.lproj/LaunchScreen.storyboard; sourceTree = "<group>"; };
		F1588D5D22F1430E00DC01AF /* Info.plist */ = {isa = PBXFileReference; lastKnownFileType = text.plist.xml; path = Info.plist; sourceTree = "<group>"; };
		F1588D6222F1430E00DC01AF /* RxSwiftExampleTests.xctest */ = {isa = PBXFileReference; explicitFileType = wrapper.cfbundle; includeInIndex = 0; path = RxSwiftExampleTests.xctest; sourceTree = BUILT_PRODUCTS_DIR; };
		F1588D6622F1430E00DC01AF /* RxSwiftExampleTests.swift */ = {isa = PBXFileReference; lastKnownFileType = sourcecode.swift; path = RxSwiftExampleTests.swift; sourceTree = "<group>"; };
		F1588D6822F1430E00DC01AF /* Info.plist */ = {isa = PBXFileReference; lastKnownFileType = text.plist.xml; path = Info.plist; sourceTree = "<group>"; };
		F1588D6D22F1430E00DC01AF /* RxSwiftExampleUITests.xctest */ = {isa = PBXFileReference; explicitFileType = wrapper.cfbundle; includeInIndex = 0; path = RxSwiftExampleUITests.xctest; sourceTree = BUILT_PRODUCTS_DIR; };
		F1588D7122F1430E00DC01AF /* RxSwiftExampleUITests.swift */ = {isa = PBXFileReference; lastKnownFileType = sourcecode.swift; path = RxSwiftExampleUITests.swift; sourceTree = "<group>"; };
		F1588D7322F1430E00DC01AF /* Info.plist */ = {isa = PBXFileReference; lastKnownFileType = text.plist.xml; path = Info.plist; sourceTree = "<group>"; };
/* End PBXFileReference section */

/* Begin PBXFrameworksBuildPhase section */
		F1588D4B22F1430D00DC01AF /* Frameworks */ = {
			isa = PBXFrameworksBuildPhase;
			buildActionMask = 2147483647;
			files = (
			);
			runOnlyForDeploymentPostprocessing = 0;
		};
		F1588D5F22F1430E00DC01AF /* Frameworks */ = {
			isa = PBXFrameworksBuildPhase;
			buildActionMask = 2147483647;
			files = (
			);
			runOnlyForDeploymentPostprocessing = 0;
		};
		F1588D6A22F1430E00DC01AF /* Frameworks */ = {
			isa = PBXFrameworksBuildPhase;
			buildActionMask = 2147483647;
			files = (
			);
			runOnlyForDeploymentPostprocessing = 0;
		};
/* End PBXFrameworksBuildPhase section */

/* Begin PBXGroup section */
		F1588D4522F1430D00DC01AF = {
			isa = PBXGroup;
			children = (
				F1588D5022F1430D00DC01AF /* RxSwiftExample */,
				F1588D6522F1430E00DC01AF /* RxSwiftExampleTests */,
				F1588D7022F1430E00DC01AF /* RxSwiftExampleUITests */,
				F1588D4F22F1430D00DC01AF /* Products */,
			);
			sourceTree = "<group>";
		};
		F1588D4F22F1430D00DC01AF /* Products */ = {
			isa = PBXGroup;
			children = (
				F1588D4E22F1430D00DC01AF /* RxSwiftExample.app */,
				F1588D6222F1430E00DC01AF /* RxSwiftExampleTests.xctest */,
				F1588D6D22F1430E00DC01AF /* RxSwiftExampleUITests.xctest */,
			);
			name = Products;
			sourceTree = "<group>";
		};
		F1588D5022F1430D00DC01AF /* RxSwiftExample */ = {
			isa = PBXGroup;
			children = (
				F1588D5122F1430D00DC01AF /* AppDelegate.swift */,
				F1588D5322F1430D00DC01AF /* ViewController.swift */,
				F1588D5522F1430D00DC01AF /* Main.storyboard */,
				F1588D5822F1430E00DC01AF /* Assets.xcassets */,
				F1588D5A22F1430E00DC01AF /* LaunchScreen.storyboard */,
				F1588D5D22F1430E00DC01AF /* Info.plist */,
			);
			path = RxSwiftExample;
			sourceTree = "<group>";
		};
		F1588D6522F1430E00DC01AF /* RxSwiftExampleTests */ = {
			isa = PBXGroup;
			children = (
				F1588D6622F1430E00DC01AF /* RxSwiftExampleTests.swift */,
				F1588D6822F1430E00DC01AF /* Info.plist */,
			);
			path = RxSwiftExampleTests;
			sourceTree = "<group>";
		};
		F1588D7022F1430E00DC01AF /* RxSwiftExampleUITests */ = {
			isa = PBXGroup;
			children = (
				F1588D7122F1430E00DC01AF /* RxSwiftExampleUITests.swift */,
				F1588D7322F1430E00DC01AF /* Info.plist */,
			);
			path = RxSwiftExampleUITests;
			sourceTree = "<group>";
		};
/* End PBXGroup section */

/* Begin PBXNativeTarget section */
		F1588D4D22F1430D00DC01AF /* RxSwiftExample */ = {
			isa = PBXNativeTarget;
			buildConfigurationList = F1588D7622F1430E00DC01AF /* Build configuration list for PBXNativeTarget "RxSwiftExample" */;
			buildPhases = (
				F1588D4A22F1430D00DC01AF /* Sources */,
				F1588D4B22F1430D00DC01AF /* Frameworks */,
				F1588D4C22F1430D00DC01AF /* Resources */,
			);
			buildRules = (
			);
			dependencies = (
			);
			name = RxSwiftExample;
			productName = RxSwiftExample;
			productReference = F1588D4E22F1430D00DC01AF /* RxSwiftExample.app */;
			productType = "com.apple.product-type.application";
		};
		F1588D6122F1430E00DC01AF /* RxSwiftExampleTests */ = {
			isa = PBXNativeTarget;
			buildConfigurationList = F1588D7922F1430E00DC01AF /* Build configuration list for PBXNativeTarget "RxSwiftExampleTests" */;
			buildPhases = (
				F1588D5E22F1430E00DC01AF /* Sources */,
				F1588D5F22F1430E00DC01AF /* Frameworks */,
				F1588D6022F1430E00DC01AF /* Resources */,
			);
			buildRules = (
			);
			dependencies = (
				F1588D6422F1430E00DC01AF /* PBXTargetDependency */,
			);
			name = RxSwiftExampleTests;
			productName = RxSwiftExampleTests;
			productReference = F1588D6222F1430E00DC01AF /* RxSwiftExampleTests.xctest */;
			productType = "com.apple.product-type.bundle.unit-test";
		};
		F1588D6C22F1430E00DC01AF /* RxSwiftExampleUITests */ = {
			isa = PBXNativeTarget;
			buildConfigurationList = F1588D7C22F1430E00DC01AF /* Build configuration list for PBXNativeTarget "RxSwiftExampleUITests" */;
			buildPhases = (
				F1588D6922F1430E00DC01AF /* Sources */,
				F1588D6A22F1430E00DC01AF /* Frameworks */,
				F1588D6B22F1430E00DC01AF /* Resources */,
			);
			buildRules = (
			);
			dependencies = (
				F1588D6F22F1430E00DC01AF /* PBXTargetDependency */,
			);
			name = RxSwiftExampleUITests;
			productName = RxSwiftExampleUITests;
			productReference = F1588D6D22F1430E00DC01AF /* RxSwiftExampleUITests.xctest */;
			productType = "com.apple.product-type.bundle.ui-testing";
		};
/* End PBXNativeTarget section */

/* Begin PBXProject section */
		F1588D4622F1430D00DC01AF /* Project object */ = {
			isa = PBXProject;
			attributes = {
				LastSwiftUpdateCheck = 1030;
				LastUpgradeCheck = 1030;
				ORGANIZATIONNAME = pxh;
				TargetAttributes = {
					F1588D4D22F1430D00DC01AF = {
						CreatedOnToolsVersion = 10.3;
					};
					F1588D6122F1430E00DC01AF = {
						CreatedOnToolsVersion = 10.3;
						TestTargetID = F1588D4D22F1430D00DC01AF;
					};
					F1588D6C22F1430E00DC01AF = {
						CreatedOnToolsVersion = 10.3;
						TestTargetID = F1588D4D22F1430D00DC01AF;
					};
				};
			};
			buildConfigurationList = F1588D4922F1430D00DC01AF /* Build configuration list for PBXProject "RxSwiftExample" */;
			compatibilityVersion = "Xcode 9.3";
			developmentRegion = en;
			hasScannedForEncodings = 0;
			knownRegions = (
				en,
				Base,
			);
			mainGroup = F1588D4522F1430D00DC01AF;
			productRefGroup = F1588D4F22F1430D00DC01AF /* Products */;
			projectDirPath = "";
			projectRoot = "";
			targets = (
				F1588D4D22F1430D00DC01AF /* RxSwiftExample */,
				F1588D6122F1430E00DC01AF /* RxSwiftExampleTests */,
				F1588D6C22F1430E00DC01AF /* RxSwiftExampleUITests */,
			);
		};
/* End PBXProject section */

/* Begin PBXResourcesBuildPhase section */
		F1588D4C22F1430D00DC01AF /* Resources */ = {
			isa = PBXResourcesBuildPhase;
			buildActionMask = 2147483647;
			files = (
				F1588D5C22F1430E00DC01AF /* LaunchScreen.storyboard in Resources */,
				F1588D5922F1430E00DC01AF /* Assets.xcassets in Resources */,
				F1588D5722F1430D00DC01AF /* Main.storyboard in Resources */,
			);
			runOnlyForDeploymentPostprocessing = 0;
		};
		F1588D6022F1430E00DC01AF /* Resources */ = {
			isa = PBXResourcesBuildPhase;
			buildActionMask = 2147483647;
			files = (
			);
			runOnlyForDeploymentPostprocessing = 0;
		};
		F1588D6B22F1430E00DC01AF /* Resources */ = {
			isa = PBXResourcesBuildPhase;
			buildActionMask = 2147483647;
			files = (
			);
			runOnlyForDeploymentPostprocessing = 0;
		};
/* End PBXResourcesBuildPhase section */

/* Begin PBXSourcesBuildPhase section */
		F1588D4A22F1430D00DC01AF /* Sources */ = {
			isa = PBXSourcesBuildPhase;
			buildActionMask = 2147483647;
			files = (
				F1588D5422F1430D00DC01AF /* ViewController.swift in Sources */,
				F1588D5222F1430D00DC01AF /* AppDelegate.swift in Sources */,
			);
			runOnlyForDeploymentPostprocessing = 0;
		};
		F1588D5E22F1430E00DC01AF /* Sources */ = {
			isa = PBXSourcesBuildPhase;
			buildActionMask = 2147483647;
			files = (
				F1588D6722F1430E00DC01AF /* RxSwiftExampleTests.swift in Sources */,
			);
			runOnlyForDeploymentPostprocessing = 0;
		};
		F1588D6922F1430E00DC01AF /* Sources */ = {
			isa = PBXSourcesBuildPhase;
			buildActionMask = 2147483647;
			files = (
				F1588D7222F1430E00DC01AF /* RxSwiftExampleUITests.swift in Sources */,
			);
			runOnlyForDeploymentPostprocessing = 0;
		};
/* End PBXSourcesBuildPhase section */

/* Begin PBXTargetDependency section */
		F1588D6422F1430E00DC01AF /* PBXTargetDependency */ = {
			isa = PBXTargetDependency;
			target = F1588D4D22F1430D00DC01AF /* RxSwiftExample */;
			targetProxy = F1588D6322F1430E00DC01AF /* PBXContainerItemProxy */;
		};
		F1588D6F22F1430E00DC01AF /* PBXTargetDependency */ = {
			isa = PBXTargetDependency;
			target = F1588D4D22F1430D00DC01AF /* RxSwiftExample */;
			targetProxy = F1588D6E22F1430E00DC01AF /* PBXContainerItemProxy */;
		};
/* End PBXTargetDependency section */

/* Begin PBXVariantGroup section */
		F1588D5522F1430D00DC01AF /* Main.storyboard */ = {
			isa = PBXVariantGroup;
			children = (
				F1588D5622F1430D00DC01AF /* Base */,
			);
			name = Main.storyboard;
			sourceTree = "<group>";
		};
		F1588D5A22F1430E00DC01AF /* LaunchScreen.storyboard */ = {
			isa = PBXVariantGroup;
			children = (
				F1588D5B22F1430E00DC01AF /* Base */,
			);
			name = LaunchScreen.storyboard;
			sourceTree = "<group>";
		};
/* End PBXVariantGroup section */

/* Begin XCBuildConfiguration section */
		F1588D7422F1430E00DC01AF /* Debug */ = {
			isa = XCBuildConfiguration;
			buildSettings = {
				ALWAYS_SEARCH_USER_PATHS = NO;
				CLANG_ANALYZER_NONNULL = YES;
				CLANG_ANALYZER_NUMBER_OBJECT_CONVERSION = YES_AGGRESSIVE;
				CLANG_CXX_LANGUAGE_STANDARD = "gnu++14";
				CLANG_CXX_LIBRARY = "libc++";
				CLANG_ENABLE_MODULES = YES;
				CLANG_ENABLE_OBJC_ARC = YES;
				CLANG_ENABLE_OBJC_WEAK = YES;
				CLANG_WARN_BLOCK_CAPTURE_AUTORELEASING = YES;
				CLANG_WARN_BOOL_CONVERSION = YES;
				CLANG_WARN_COMMA = YES;
				CLANG_WARN_CONSTANT_CONVERSION = YES;
				CLANG_WARN_DEPRECATED_OBJC_IMPLEMENTATIONS = YES;
				CLANG_WARN_DIRECT_OBJC_ISA_USAGE = YES_ERROR;
				CLANG_WARN_DOCUMENTATION_COMMENTS = YES;
				CLANG_WARN_EMPTY_BODY = YES;
				CLANG_WARN_ENUM_CONVERSION = YES;
				CLANG_WARN_INFINITE_RECURSION = YES;
				CLANG_WARN_INT_CONVERSION = YES;
				CLANG_WARN_NON_LITERAL_NULL_CONVERSION = YES;
				CLANG_WARN_OBJC_IMPLICIT_RETAIN_SELF = YES;
				CLANG_WARN_OBJC_LITERAL_CONVERSION = YES;
				CLANG_WARN_OBJC_ROOT_CLASS = YES_ERROR;
				CLANG_WARN_RANGE_LOOP_ANALYSIS = YES;
				CLANG_WARN_STRICT_PROTOTYPES = YES;
				CLANG_WARN_SUSPICIOUS_MOVE = YES;
				CLANG_WARN_UNGUARDED_AVAILABILITY = YES_AGGRESSIVE;
				CLANG_WARN_UNREACHABLE_CODE = YES;
				CLANG_WARN__DUPLICATE_METHOD_MATCH = YES;
				CODE_SIGN_IDENTITY = "iPhone Developer";
				COPY_PHASE_STRIP = NO;
				DEBUG_INFORMATION_FORMAT = dwarf;
				ENABLE_STRICT_OBJC_MSGSEND = YES;
				ENABLE_TESTABILITY = YES;
				GCC_C_LANGUAGE_STANDARD = gnu11;
				GCC_DYNAMIC_NO_PIC = NO;
				GCC_NO_COMMON_BLOCKS = YES;
				GCC_OPTIMIZATION_LEVEL = 0;
				GCC_PREPROCESSOR_DEFINITIONS = (
					"DEBUG=1",
					"$(inherited)",
				);
				GCC_WARN_64_TO_32_BIT_CONVERSION = YES;
				GCC_WARN_ABOUT_RETURN_TYPE = YES_ERROR;
				GCC_WARN_UNDECLARED_SELECTOR = YES;
				GCC_WARN_UNINITIALIZED_AUTOS = YES_AGGRESSIVE;
				GCC_WARN_UNUSED_FUNCTION = YES;
				GCC_WARN_UNUSED_VARIABLE = YES;
				IPHONEOS_DEPLOYMENT_TARGET = 12.4;
				MTL_ENABLE_DEBUG_INFO = INCLUDE_SOURCE;
				MTL_FAST_MATH = YES;
				ONLY_ACTIVE_ARCH = YES;
				SDKROOT = iphoneos;
				SWIFT_ACTIVE_COMPILATION_CONDITIONS = DEBUG;
				SWIFT_OPTIMIZATION_LEVEL = "-Onone";
			};
			name = Debug;
		};
		F1588D7522F1430E00DC01AF /* Release */ = {
			isa = XCBuildConfiguration;
			buildSettings = {
				ALWAYS_SEARCH_USER_PATHS = NO;
				CLANG_ANALYZER_NONNULL = YES;
				CLANG_ANALYZER_NUMBER_OBJECT_CONVERSION = YES_AGGRESSIVE;
				CLANG_CXX_LANGUAGE_STANDARD = "gnu++14";
				CLANG_CXX_LIBRARY = "libc++";
				CLANG_ENABLE_MODULES = YES;
				CLANG_ENABLE_OBJC_ARC = YES;
				CLANG_ENABLE_OBJC_WEAK = YES;
				CLANG_WARN_BLOCK_CAPTURE_AUTORELEASING = YES;
				CLANG_WARN_BOOL_CONVERSION = YES;
				CLANG_WARN_COMMA = YES;
				CLANG_WARN_CONSTANT_CONVERSION = YES;
				CLANG_WARN_DEPRECATED_OBJC_IMPLEMENTATIONS = YES;
				CLANG_WARN_DIRECT_OBJC_ISA_USAGE = YES_ERROR;
				CLANG_WARN_DOCUMENTATION_COMMENTS = YES;
				CLANG_WARN_EMPTY_BODY = YES;
				CLANG_WARN_ENUM_CONVERSION = YES;
				CLANG_WARN_INFINITE_RECURSION = YES;
				CLANG_WARN_INT_CONVERSION = YES;
				CLANG_WARN_NON_LITERAL_NULL_CONVERSION = YES;
				CLANG_WARN_OBJC_IMPLICIT_RETAIN_SELF = YES;
				CLANG_WARN_OBJC_LITERAL_CONVERSION = YES;
				CLANG_WARN_OBJC_ROOT_CLASS = YES_ERROR;
				CLANG_WARN_RANGE_LOOP_ANALYSIS = YES;
				CLANG_WARN_STRICT_PROTOTYPES = YES;
				CLANG_WARN_SUSPICIOUS_MOVE = YES;
				CLANG_WARN_UNGUARDED_AVAILABILITY = YES_AGGRESSIVE;
				CLANG_WARN_UNREACHABLE_CODE = YES;
				CLANG_WARN__DUPLICATE_METHOD_MATCH = YES;
				CODE_SIGN_IDENTITY = "iPhone Developer";
				COPY_PHASE_STRIP = NO;
				DEBUG_INFORMATION_FORMAT = "dwarf-with-dsym";
				ENABLE_NS_ASSERTIONS = NO;
				ENABLE_STRICT_OBJC_MSGSEND = YES;
				GCC_C_LANGUAGE_STANDARD = gnu11;
				GCC_NO_COMMON_BLOCKS = YES;
				GCC_WARN_64_TO_32_BIT_CONVERSION = YES;
				GCC_WARN_ABOUT_RETURN_TYPE = YES_ERROR;
				GCC_WARN_UNDECLARED_SELECTOR = YES;
				GCC_WARN_UNINITIALIZED_AUTOS = YES_AGGRESSIVE;
				GCC_WARN_UNUSED_FUNCTION = YES;
				GCC_WARN_UNUSED_VARIABLE = YES;
				IPHONEOS_DEPLOYMENT_TARGET = 12.4;
				MTL_ENABLE_DEBUG_INFO = NO;
				MTL_FAST_MATH = YES;
				SDKROOT = iphoneos;
				SWIFT_COMPILATION_MODE = wholemodule;
				SWIFT_OPTIMIZATION_LEVEL = "-O";
				VALIDATE_PRODUCT = YES;
			};
			name = Release;
		};
		F1588D7722F1430E00DC01AF /* Debug */ = {
			isa = XCBuildConfiguration;
			buildSettings = {
				ASSETCATALOG_COMPILER_APPICON_NAME = AppIcon;
				CODE_SIGN_STYLE = Automatic;
				INFOPLIST_FILE = RxSwiftExample/Info.plist;
				LD_RUNPATH_SEARCH_PATHS = (
					"$(inherited)",
					"@executable_path/Frameworks",
				);
				PRODUCT_BUNDLE_IDENTIFIER = com.yunzhisheng.RxSwiftExample;
				PRODUCT_NAME = "$(TARGET_NAME)";
				SWIFT_VERSION = 5.0;
				TARGETED_DEVICE_FAMILY = "1,2";
			};
			name = Debug;
		};
		F1588D7822F1430E00DC01AF /* Release */ = {
			isa = XCBuildConfiguration;
			buildSettings = {
				ASSETCATALOG_COMPILER_APPICON_NAME = AppIcon;
				CODE_SIGN_STYLE = Automatic;
				INFOPLIST_FILE = RxSwiftExample/Info.plist;
				LD_RUNPATH_SEARCH_PATHS = (
					"$(inherited)",
					"@executable_path/Frameworks",
				);
				PRODUCT_BUNDLE_IDENTIFIER = com.yunzhisheng.RxSwiftExample;
				PRODUCT_NAME = "$(TARGET_NAME)";
				SWIFT_VERSION = 5.0;
				TARGETED_DEVICE_FAMILY = "1,2";
			};
			name = Release;
		};
		F1588D7A22F1430E00DC01AF /* Debug */ = {
			isa = XCBuildConfiguration;
			buildSettings = {
				ALWAYS_EMBED_SWIFT_STANDARD_LIBRARIES = YES;
				BUNDLE_LOADER = "$(TEST_HOST)";
				CODE_SIGN_STYLE = Automatic;
				INFOPLIST_FILE = RxSwiftExampleTests/Info.plist;
				LD_RUNPATH_SEARCH_PATHS = (
					"$(inherited)",
					"@executable_path/Frameworks",
					"@loader_path/Frameworks",
				);
				PRODUCT_BUNDLE_IDENTIFIER = com.yunzhisheng.RxSwiftExampleTests;
				PRODUCT_NAME = "$(TARGET_NAME)";
				SWIFT_VERSION = 5.0;
				TARGETED_DEVICE_FAMILY = "1,2";
				TEST_HOST = "$(BUILT_PRODUCTS_DIR)/RxSwiftExample.app/RxSwiftExample";
			};
			name = Debug;
		};
		F1588D7B22F1430E00DC01AF /* Release */ = {
			isa = XCBuildConfiguration;
			buildSettings = {
				ALWAYS_EMBED_SWIFT_STANDARD_LIBRARIES = YES;
				BUNDLE_LOADER = "$(TEST_HOST)";
				CODE_SIGN_STYLE = Automatic;
				INFOPLIST_FILE = RxSwiftExampleTests/Info.plist;
				LD_RUNPATH_SEARCH_PATHS = (
					"$(inherited)",
					"@executable_path/Frameworks",
					"@loader_path/Frameworks",
				);
				PRODUCT_BUNDLE_IDENTIFIER = com.yunzhisheng.RxSwiftExampleTests;
				PRODUCT_NAME = "$(TARGET_NAME)";
				SWIFT_VERSION = 5.0;
				TARGETED_DEVICE_FAMILY = "1,2";
				TEST_HOST = "$(BUILT_PRODUCTS_DIR)/RxSwiftExample.app/RxSwiftExample";
			};
			name = Release;
		};
		F1588D7D22F1430E00DC01AF /* Debug */ = {
			isa = XCBuildConfiguration;
			buildSettings = {
				ALWAYS_EMBED_SWIFT_STANDARD_LIBRARIES = YES;
				CODE_SIGN_STYLE = Automatic;
				INFOPLIST_FILE = RxSwiftExampleUITests/Info.plist;
				LD_RUNPATH_SEARCH_PATHS = (
					"$(inherited)",
					"@executable_path/Frameworks",
					"@loader_path/Frameworks",
				);
				PRODUCT_BUNDLE_IDENTIFIER = com.yunzhisheng.RxSwiftExampleUITests;
				PRODUCT_NAME = "$(TARGET_NAME)";
				SWIFT_VERSION = 5.0;
				TARGETED_DEVICE_FAMILY = "1,2";
				TEST_TARGET_NAME = RxSwiftExample;
			};
			name = Debug;
		};
		F1588D7E22F1430E00DC01AF /* Release */ = {
			isa = XCBuildConfiguration;
			buildSettings = {
				ALWAYS_EMBED_SWIFT_STANDARD_LIBRARIES = YES;
				CODE_SIGN_STYLE = Automatic;
				INFOPLIST_FILE = RxSwiftExampleUITests/Info.plist;
				LD_RUNPATH_SEARCH_PATHS = (
					"$(inherited)",
					"@executable_path/Frameworks",
					"@loader_path/Frameworks",
				);
				PRODUCT_BUNDLE_IDENTIFIER = com.yunzhisheng.RxSwiftExampleUITests;
				PRODUCT_NAME = "$(TARGET_NAME)";
				SWIFT_VERSION = 5.0;
				TARGETED_DEVICE_FAMILY = "1,2";
				TEST_TARGET_NAME = RxSwiftExample;
			};
			name = Release;
		};
/* End XCBuildConfiguration section */

/* Begin XCConfigurationList section */
		F1588D4922F1430D00DC01AF /* Build configuration list for PBXProject "RxSwiftExample" */ = {
			isa = XCConfigurationList;
			buildConfigurations = (
				F1588D7422F1430E00DC01AF /* Debug */,
				F1588D7522F1430E00DC01AF /* Release */,
			);
			defaultConfigurationIsVisible = 0;
			defaultConfigurationName = Release;
		};
		F1588D7622F1430E00DC01AF /* Build configuration list for PBXNativeTarget "RxSwiftExample" */ = {
			isa = XCConfigurationList;
			buildConfigurations = (
				F1588D7722F1430E00DC01AF /* Debug */,
				F1588D7822F1430E00DC01AF /* Release */,
			);
			defaultConfigurationIsVisible = 0;
			defaultConfigurationName = Release;
		};
		F1588D7922F1430E00DC01AF /* Build configuration list for PBXNativeTarget "RxSwiftExampleTests" */ = {
			isa = XCConfigurationList;
			buildConfigurations = (
				F1588D7A22F1430E00DC01AF /* Debug */,
				F1588D7B22F1430E00DC01AF /* Release */,
			);
			defaultConfigurationIsVisible = 0;
			defaultConfigurationName = Release;
		};
		F1588D7C22F1430E00DC01AF /* Build configuration list for PBXNativeTarget "RxSwiftExampleUITests" */ = {
			isa = XCConfigurationList;
			buildConfigurations = (
				F1588D7D22F1430E00DC01AF /* Debug */,
				F1588D7E22F1430E00DC01AF /* Release */,
			);
			defaultConfigurationIsVisible = 0;
			defaultConfigurationName = Release;
		};
/* End XCConfigurationList section */
	};
	rootObject = F1588D4622F1430D00DC01AF /* Project object */;
}
